
Microsoft Visual Studio Solution File, Format Version 12.00
# Visual Studio Version 17
VisualStudioVersion = 17.10.35027.167
MinimumVisualStudioVersion = 10.0.40219.1
Project("{FAE04EC0-301F-11D3-BF4B-00C04F79EFBC}") = "TravelCompanion.Server", "TravelCompanion.Server\TravelCompanion.Server.csproj", "{823456D6-270E-4E44-90E9-A53CA7763542}"
EndProject
Project("{54A90642-561A-4BB1-A94E-469ADEE60C69}") = "travelcompanion.client", "travelcompanion.client\travelcompanion.client.esproj", "{8F2F6501-21DE-4BEC-B8CD-A4D9E9E4391D}"
EndProject
Global
	GlobalSection(SolutionConfigurationPlatforms) = preSolution
		Debug|Any CPU = Debug|Any CPU
		Release|Any CPU = Release|Any CPU
	EndGlobalSection
	GlobalSection(ProjectConfigurationPlatforms) = postSolution
		{823456D6-270E-4E44-90E9-A53CA7763542}.Debug|Any CPU.ActiveCfg = Debug|Any CPU
		{823456D6-270E-4E44-90E9-A53CA7763542}.Debug|Any CPU.Build.0 = Debug|Any CPU
		{823456D6-270E-4E44-90E9-A53CA7763542}.Release|Any CPU.ActiveCfg = Release|Any CPU
		{823456D6-270E-4E44-90E9-A53CA7763542}.Release|Any CPU.Build.0 = Release|Any CPU
		{8F2F6501-21DE-4BEC-B8CD-A4D9E9E4391D}.Debug|Any CPU.ActiveCfg = Debug|Any CPU
		{8F2F6501-21DE-4BEC-B8CD-A4D9E9E4391D}.Debug|Any CPU.Build.0 = Debug|Any CPU
		{8F2F6501-21DE-4BEC-B8CD-A4D9E9E4391D}.Debug|Any CPU.Deploy.0 = Debug|Any CPU
		{8F2F6501-21DE-4BEC-B8CD-A4D9E9E4391D}.Release|Any CPU.ActiveCfg = Release|Any CPU
		{8F2F6501-21DE-4BEC-B8CD-A4D9E9E4391D}.Release|Any CPU.Build.0 = Release|Any CPU
		{8F2F6501-21DE-4BEC-B8CD-A4D9E9E4391D}.Release|Any CPU.Deploy.0 = Release|Any CPU
	EndGlobalSection
	GlobalSection(SolutionProperties) = preSolution
		HideSolutionNode = FALSE
	EndGlobalSection
	GlobalSection(ExtensibilityGlobals) = postSolution
		SolutionGuid = {D2556CBA-19DB-4258-9FE9-D40F40235F42}
	EndGlobalSection
EndGlobal
